
Microsoft Visual Studio Solution File, Format Version 12.00
# Visual Studio 15
VisualStudioVersion = 15.0.27004.2002
MinimumVisualStudioVersion = 10.0.40219.1
Project("{FAE04EC0-301F-11D3-BF4B-00C04F79EFBC}") = "ConsoleApp1", "ConsoleApp1\ConsoleApp1.csproj", "{33CFF8BF-CC8E-4728-B6E4-F00D8F9AF730}"
EndProject
Global
	GlobalSection(SolutionConfigurationPlatforms) = preSolution
		Debug|Any CPU = Debug|Any CPU
		Release|Any CPU = Release|Any CPU
	EndGlobalSection
	GlobalSection(ProjectConfigurationPlatforms) = postSolution
		{33CFF8BF-CC8E-4728-B6E4-F00D8F9AF730}.Debug|Any CPU.ActiveCfg = Debug|Any CPU
		{33CFF8BF-CC8E-4728-B6E4-F00D8F9AF730}.Debug|Any CPU.Build.0 = Debug|Any CPU
		{33CFF8BF-CC8E-4728-B6E4-F00D8F9AF730}.Release|Any CPU.ActiveCfg = Release|Any CPU
		{33CFF8BF-CC8E-4728-B6E4-F00D8F9AF730}.Release|Any CPU.Build.0 = Release|Any CPU
	EndGlobalSection
	GlobalSection(SolutionProperties) = preSolution
		HideSolutionNode = FALSE
	EndGlobalSection
	GlobalSection(ExtensibilityGlobals) = postSolution
		SolutionGuid = {1E8C79DE-29A6-4E0B-9686-43D2C90B142F}
	EndGlobalSection
EndGlobal
